
Microsoft Visual Studio Solution File, Format Version 12.00
# Visual Studio Version 18
VisualStudioVersion = 18.2.11408.102
MinimumVisualStudioVersion = 10.0.40219.1
Project("{FAE04EC0-301F-11D3-BF4B-00C04F79EFBC}") = "Defender.ChatRoom", "Defender.ChatRoom.csproj", "{D3EFA153-C3FC-F8DF-05A1-501D954C9018}"
EndProject
Project("{FAE04EC0-301F-11D3-BF4B-00C04F79EFBC}") = "Defender.ChatRoom.Tests", "Defender.ChatRoom.Tests\Defender.ChatRoom.Tests.csproj", "{D17DAB5D-FA37-4228-9729-39DDF98C9578}"
EndProject
Global
	GlobalSection(SolutionConfigurationPlatforms) = preSolution
		Debug|Any CPU = Debug|Any CPU
		Debug|x64 = Debug|x64
		Debug|x86 = Debug|x86
		Release|Any CPU = Release|Any CPU
		Release|x64 = Release|x64
		Release|x86 = Release|x86
	EndGlobalSection
	GlobalSection(ProjectConfigurationPlatforms) = postSolution
		{D3EFA153-C3FC-F8DF-05A1-501D954C9018}.Debug|Any CPU.ActiveCfg = Debug|Any CPU
		{D3EFA153-C3FC-F8DF-05A1-501D954C9018}.Debug|Any CPU.Build.0 = Debug|Any CPU
		{D3EFA153-C3FC-F8DF-05A1-501D954C9018}.Debug|x64.ActiveCfg = Debug|Any CPU
		{D3EFA153-C3FC-F8DF-05A1-501D954C9018}.Debug|x64.Build.0 = Debug|Any CPU
		{D3EFA153-C3FC-F8DF-05A1-501D954C9018}.Debug|x86.ActiveCfg = Debug|Any CPU
		{D3EFA153-C3FC-F8DF-05A1-501D954C9018}.Debug|x86.Build.0 = Debug|Any CPU
		{D3EFA153-C3FC-F8DF-05A1-501D954C9018}.Release|Any CPU.ActiveCfg = Release|Any CPU
		{D3EFA153-C3FC-F8DF-05A1-501D954C9018}.Release|Any CPU.Build.0 = Release|Any CPU
		{D3EFA153-C3FC-F8DF-05A1-501D954C9018}.Release|x64.ActiveCfg = Release|Any CPU
		{D3EFA153-C3FC-F8DF-05A1-501D954C9018}.Release|x64.Build.0 = Release|Any CPU
		{D3EFA153-C3FC-F8DF-05A1-501D954C9018}.Release|x86.ActiveCfg = Release|Any CPU
		{D3EFA153-C3FC-F8DF-05A1-501D954C9018}.Release|x86.Build.0 = Release|Any CPU
		{D17DAB5D-FA37-4228-9729-39DDF98C9578}.Debug|Any CPU.ActiveCfg = Debug|Any CPU
		{D17DAB5D-FA37-4228-9729-39DDF98C9578}.Debug|Any CPU.Build.0 = Debug|Any CPU
		{D17DAB5D-FA37-4228-9729-39DDF98C9578}.Debug|x64.ActiveCfg = Debug|Any CPU
		{D17DAB5D-FA37-4228-9729-39DDF98C9578}.Debug|x64.Build.0 = Debug|Any CPU
		{D17DAB5D-FA37-4228-9729-39DDF98C9578}.Debug|x86.ActiveCfg = Debug|Any CPU
		{D17DAB5D-FA37-4228-9729-39DDF98C9578}.Debug|x86.Build.0 = Debug|Any CPU
		{D17DAB5D-FA37-4228-9729-39DDF98C9578}.Release|Any CPU.ActiveCfg = Release|Any CPU
		{D17DAB5D-FA37-4228-9729-39DDF98C9578}.Release|Any CPU.Build.0 = Release|Any CPU
		{D17DAB5D-FA37-4228-9729-39DDF98C9578}.Release|x64.ActiveCfg = Release|Any CPU
		{D17DAB5D-FA37-4228-9729-39DDF98C9578}.Release|x64.Build.0 = Release|Any CPU
		{D17DAB5D-FA37-4228-9729-39DDF98C9578}.Release|x86.ActiveCfg = Release|Any CPU
		{D17DAB5D-FA37-4228-9729-39DDF98C9578}.Release|x86.Build.0 = Release|Any CPU
	EndGlobalSection
	GlobalSection(SolutionProperties) = preSolution
		HideSolutionNode = FALSE
	EndGlobalSection
	GlobalSection(ExtensibilityGlobals) = postSolution
		SolutionGuid = {375BCC90-50EF-43BD-B6DC-809C8759F67B}
	EndGlobalSection
EndGlobal
